{
  "name": "@lingxia/cli",
  "version": "0.0.0",
  "lockfileVersion": 3,
  "requires": true,
  "packages": {
    "": {
      "name": "@lingxia/cli",
      "version": "0.0.0",
      "dependencies": {
        "commander": "^14.0.1",
        "lingxia-builder": "file:../lingxia-builder"
      },
      "bin": {
        "lingxia": "bin/lingxia.js"
      },
      "devDependencies": {
        "typescript": "^5.0.0"
      },
      "engines": {
        "node": ">=18.0.0"
      }
    },
    "../lingxia-builder": {
      "version": "0.2.0",
      "license": "MIT",
      "dependencies": {
        "@vitejs/plugin-react": "^4.6.0",
        "@vitejs/plugin-vue": "^5.2.1",
        "autoprefixer": "^10.4.21",
        "commander": "^11.0.0",
        "tailwindcss": "^3.4.17",
        "vite": "^6.0.7"
      },
      "bin": {
        "lingxia": "bin/lingxia.js"
      },
      "devDependencies": {
        "@types/node": "^20.19.7",
        "typescript": "^5.0.0"
      }
    },
    "node_modules/commander": {
      "version": "14.0.1",
      "resolved": "https://registry.npmjs.org/commander/-/commander-14.0.1.tgz",
      "integrity": "sha512-2JkV3gUZUVrbNA+1sjBOYLsMZ5cEEl8GTFP2a4AVz5hvasAMCQ1D2l2le/cX+pV4N6ZU17zjUahLpIXRrnWL8A==",
      "license": "MIT",
      "engines": {
        "node": ">=20"
      }
    },
    "node_modules/lingxia-builder": {
      "resolved": "../lingxia-builder",
      "link": true
    },
    "node_modules/typescript": {
      "version": "5.9.3",
      "resolved": "https://registry.npmjs.org/typescript/-/typescript-5.9.3.tgz",
      "integrity": "sha512-jl1vZzPDinLr9eUt3J/t7V6FgNEw9QjvBPdysz9KfQDD41fQrC2Y4vKQdiaUpFT4bXlb1RHhLpp8wtm6M5TgSw==",
      "dev": true,
      "license": "Apache-2.0",
      "bin": {
        "tsc": "bin/tsc",
        "tsserver": "bin/tsserver"
      },
      "engines": {
        "node": ">=14.17"
      }
    }
  }
}
